
Microsoft Visual Studio Solution File, Format Version 12.00
# Visual Studio Version 17
VisualStudioVersion = 17.8.34309.116
MinimumVisualStudioVersion = 10.0.40219.1
Project("{FAE04EC0-301F-11D3-BF4B-00C04F79EFBC}") = "WrapperMeister", "WrapperMeister\WrapperMeister.csproj", "{1B900724-DA0C-44FB-A341-38210BC60068}"
EndProject
Project("{FAE04EC0-301F-11D3-BF4B-00C04F79EFBC}") = "WrapperMeister.Tests", "WrapperMeister.Tests\WrapperMeister.Tests.csproj", "{75D72BAD-FD52-49DA-8749-66B6F52C1187}"
EndProject
Global
	GlobalSection(SolutionConfigurationPlatforms) = preSolution
		Debug|Any CPU = Debug|Any CPU
		Release|Any CPU = Release|Any CPU
	EndGlobalSection
	GlobalSection(ProjectConfigurationPlatforms) = postSolution
		{1B900724-DA0C-44FB-A341-38210BC60068}.Debug|Any CPU.ActiveCfg = Debug|Any CPU
		{1B900724-DA0C-44FB-A341-38210BC60068}.Debug|Any CPU.Build.0 = Debug|Any CPU
		{1B900724-DA0C-44FB-A341-38210BC60068}.Release|Any CPU.ActiveCfg = Release|Any CPU
		{1B900724-DA0C-44FB-A341-38210BC60068}.Release|Any CPU.Build.0 = Release|Any CPU
		{75D72BAD-FD52-49DA-8749-66B6F52C1187}.Debug|Any CPU.ActiveCfg = Debug|Any CPU
		{75D72BAD-FD52-49DA-8749-66B6F52C1187}.Debug|Any CPU.Build.0 = Debug|Any CPU
		{75D72BAD-FD52-49DA-8749-66B6F52C1187}.Release|Any CPU.ActiveCfg = Release|Any CPU
		{75D72BAD-FD52-49DA-8749-66B6F52C1187}.Release|Any CPU.Build.0 = Release|Any CPU
	EndGlobalSection
	GlobalSection(SolutionProperties) = preSolution
		HideSolutionNode = FALSE
	EndGlobalSection
	GlobalSection(ExtensibilityGlobals) = postSolution
		SolutionGuid = {FC8913A8-2783-4AAD-8C02-A67154C80284}
	EndGlobalSection
EndGlobal
